Microsoft Visual Studio Solution File, Format Version 11.00
# Visual Studio 2008

Project("{451C63C1-B36F-9F0E-3E76-791751624861}") = "DojoLife", "Assembly-CSharp-firstpass.csproj", "{B178BF1D-D342-55E7-D2E9-2399C9B20F5B}"
EndProject
Project("{451C63C1-B36F-9F0E-3E76-791751624861}") = "DojoLife", "Assembly-CSharp.csproj", "{6CF5191E-1C30-1660-CEE4-D78291184A48}"
EndProject
Project("{451C63C1-B36F-9F0E-3E76-791751624861}") = "DojoLife", "Assembly-CSharp-Editor.csproj", "{4C46AC11-DE04-FD17-C671-B38141E0F302}"
EndProject
Global
	GlobalSection(SolutionConfigurationPlatforms) = preSolution
		Debug|Any CPU = Debug|Any CPU
		Release|Any CPU = Release|Any CPU
	EndGlobalSection
	GlobalSection(ProjectConfigurationPlatforms) = postSolution
		{B178BF1D-D342-55E7-D2E9-2399C9B20F5B}.Debug|Any CPU.ActiveCfg = Debug|Any CPU
		{B178BF1D-D342-55E7-D2E9-2399C9B20F5B}.Debug|Any CPU.Build.0 = Debug|Any CPU
		{B178BF1D-D342-55E7-D2E9-2399C9B20F5B}.Release|Any CPU.ActiveCfg = Release|Any CPU
		{B178BF1D-D342-55E7-D2E9-2399C9B20F5B}.Release|Any CPU.Build.0 = Release|Any CPU
		{6CF5191E-1C30-1660-CEE4-D78291184A48}.Debug|Any CPU.ActiveCfg = Debug|Any CPU
		{6CF5191E-1C30-1660-CEE4-D78291184A48}.Debug|Any CPU.Build.0 = Debug|Any CPU
		{6CF5191E-1C30-1660-CEE4-D78291184A48}.Release|Any CPU.ActiveCfg = Release|Any CPU
		{6CF5191E-1C30-1660-CEE4-D78291184A48}.Release|Any CPU.Build.0 = Release|Any CPU
		{4C46AC11-DE04-FD17-C671-B38141E0F302}.Debug|Any CPU.ActiveCfg = Debug|Any CPU
		{4C46AC11-DE04-FD17-C671-B38141E0F302}.Debug|Any CPU.Build.0 = Debug|Any CPU
		{4C46AC11-DE04-FD17-C671-B38141E0F302}.Release|Any CPU.ActiveCfg = Release|Any CPU
		{4C46AC11-DE04-FD17-C671-B38141E0F302}.Release|Any CPU.Build.0 = Release|Any CPU
	EndGlobalSection
	GlobalSection(SolutionProperties) = preSolution
		HideSolutionNode = FALSE
	EndGlobalSection
	GlobalSection(MonoDevelopProperties) = preSolution
		StartupItem = Assembly-CSharp.csproj
	EndGlobalSection
EndGlobal
