
Microsoft Visual Studio Solution File, Format Version 12.00
# Visual Studio 2015
Project("{FAE04EC0-301F-11D3-BF4B-00C04F79EFBC}") = "dOjoLyfe.Plugins", "dOjoLyfe.Plugins.csproj", "{7D0BFB85-C8A2-9DAB-82DA-BBCB2E2CE578}"
EndProject
Project("{FAE04EC0-301F-11D3-BF4B-00C04F79EFBC}") = "dOjoLyfe", "dOjoLyfe.csproj", "{1397C4D6-0E98-241B-90A1-C755E5AC1788}"
EndProject
Project("{FAE04EC0-301F-11D3-BF4B-00C04F79EFBC}") = "dOjoLyfe.Editor", "dOjoLyfe.Editor.csproj", "{E3372189-2A37-BF5A-7A46-913CAE3D0D71}"
EndProject
Global
	GlobalSection(SolutionConfigurationPlatforms) = preSolution
		Debug|Any CPU = Debug|Any CPU
		Release|Any CPU = Release|Any CPU
	EndGlobalSection
	GlobalSection(ProjectConfigurationPlatforms) = postSolution
		{7D0BFB85-C8A2-9DAB-82DA-BBCB2E2CE578}.Debug|Any CPU.ActiveCfg = Debug|Any CPU
		{7D0BFB85-C8A2-9DAB-82DA-BBCB2E2CE578}.Debug|Any CPU.Build.0 = Debug|Any CPU
		{7D0BFB85-C8A2-9DAB-82DA-BBCB2E2CE578}.Release|Any CPU.ActiveCfg = Release|Any CPU
		{7D0BFB85-C8A2-9DAB-82DA-BBCB2E2CE578}.Release|Any CPU.Build.0 = Release|Any CPU
		{1397C4D6-0E98-241B-90A1-C755E5AC1788}.Debug|Any CPU.ActiveCfg = Debug|Any CPU
		{1397C4D6-0E98-241B-90A1-C755E5AC1788}.Debug|Any CPU.Build.0 = Debug|Any CPU
		{1397C4D6-0E98-241B-90A1-C755E5AC1788}.Release|Any CPU.ActiveCfg = Release|Any CPU
		{1397C4D6-0E98-241B-90A1-C755E5AC1788}.Release|Any CPU.Build.0 = Release|Any CPU
		{E3372189-2A37-BF5A-7A46-913CAE3D0D71}.Debug|Any CPU.ActiveCfg = Debug|Any CPU
		{E3372189-2A37-BF5A-7A46-913CAE3D0D71}.Debug|Any CPU.Build.0 = Debug|Any CPU
		{E3372189-2A37-BF5A-7A46-913CAE3D0D71}.Release|Any CPU.ActiveCfg = Release|Any CPU
		{E3372189-2A37-BF5A-7A46-913CAE3D0D71}.Release|Any CPU.Build.0 = Release|Any CPU
	EndGlobalSection
	GlobalSection(SolutionProperties) = preSolution
		HideSolutionNode = FALSE
	EndGlobalSection
EndGlobal
