Microsoft Visual Studio Solution File, Format Version 11.00
# Visual Studio 2008

Project("{00FAA749-137D-9FDD-1C3C-71374E2875E5}") = "dOjoLyfe", "Assembly-CSharp-firstpass.csproj", "{6FFCAADC-8E31-40FE-CC00-9DF51EEDB193}"
EndProject
Project("{00FAA749-137D-9FDD-1C3C-71374E2875E5}") = "dOjoLyfe", "Assembly-CSharp.csproj", "{FEDF4089-2000-0480-BF33-FA04A381F81D}"
EndProject
Project("{00FAA749-137D-9FDD-1C3C-71374E2875E5}") = "dOjoLyfe", "Assembly-CSharp-Editor.csproj", "{6447E41A-7C4D-4876-6374-4193531B05A5}"
EndProject
Global
	GlobalSection(SolutionConfigurationPlatforms) = preSolution
		Debug|Any CPU = Debug|Any CPU
		Release|Any CPU = Release|Any CPU
	EndGlobalSection
	GlobalSection(ProjectConfigurationPlatforms) = postSolution
		{6FFCAADC-8E31-40FE-CC00-9DF51EEDB193}.Debug|Any CPU.ActiveCfg = Debug|Any CPU
		{6FFCAADC-8E31-40FE-CC00-9DF51EEDB193}.Debug|Any CPU.Build.0 = Debug|Any CPU
		{6FFCAADC-8E31-40FE-CC00-9DF51EEDB193}.Release|Any CPU.ActiveCfg = Release|Any CPU
		{6FFCAADC-8E31-40FE-CC00-9DF51EEDB193}.Release|Any CPU.Build.0 = Release|Any CPU
		{FEDF4089-2000-0480-BF33-FA04A381F81D}.Debug|Any CPU.ActiveCfg = Debug|Any CPU
		{FEDF4089-2000-0480-BF33-FA04A381F81D}.Debug|Any CPU.Build.0 = Debug|Any CPU
		{FEDF4089-2000-0480-BF33-FA04A381F81D}.Release|Any CPU.ActiveCfg = Release|Any CPU
		{FEDF4089-2000-0480-BF33-FA04A381F81D}.Release|Any CPU.Build.0 = Release|Any CPU
		{6447E41A-7C4D-4876-6374-4193531B05A5}.Debug|Any CPU.ActiveCfg = Debug|Any CPU
		{6447E41A-7C4D-4876-6374-4193531B05A5}.Debug|Any CPU.Build.0 = Debug|Any CPU
		{6447E41A-7C4D-4876-6374-4193531B05A5}.Release|Any CPU.ActiveCfg = Release|Any CPU
		{6447E41A-7C4D-4876-6374-4193531B05A5}.Release|Any CPU.Build.0 = Release|Any CPU
	EndGlobalSection
	GlobalSection(SolutionProperties) = preSolution
		HideSolutionNode = FALSE
	EndGlobalSection
	GlobalSection(MonoDevelopProperties) = preSolution
		StartupItem = Assembly-CSharp.csproj
	EndGlobalSection
EndGlobal
